
Microsoft Visual Studio Solution File, Format Version 12.00
# Visual Studio Version 17
VisualStudioVersion = 17.0.32112.339
MinimumVisualStudioVersion = 10.0.40219.1
Project("{888888A0-9F3D-457C-B088-3A5042F75D52}") = "BasicProject", "BasicProject\BasicProject.pyproj", "{A0581D11-ED56-4913-A9B5-A6073A8AF9F8}"
EndProject
Global
	GlobalSection(SolutionConfigurationPlatforms) = preSolution
		Debug|Any CPU = Debug|Any CPU
		Release|Any CPU = Release|Any CPU
	EndGlobalSection
	GlobalSection(ProjectConfigurationPlatforms) = postSolution
		{A0581D11-ED56-4913-A9B5-A6073A8AF9F8}.Debug|Any CPU.ActiveCfg = Debug|Any CPU
		{A0581D11-ED56-4913-A9B5-A6073A8AF9F8}.Debug|Any CPU.Build.0 = Debug|Any CPU
		{A0581D11-ED56-4913-A9B5-A6073A8AF9F8}.Release|Any CPU.ActiveCfg = Release|Any CPU
		{A0581D11-ED56-4913-A9B5-A6073A8AF9F8}.Release|Any CPU.Build.0 = Release|Any CPU
	EndGlobalSection
	GlobalSection(SolutionProperties) = preSolution
		HideSolutionNode = FALSE
	EndGlobalSection
	GlobalSection(ExtensibilityGlobals) = postSolution
		SolutionGuid = {9E28809E-F13C-40F7-B36D-6AF1DEC7B49D}
	EndGlobalSection
EndGlobal
